PODS:
  - boost (1.76.0)
  - DoubleConversion (1.1.6)
  - FBLazyVector (0.72.16)
  - FBReactNativeSpec (0.72.16):
    - RCT-Folly (= 2021.07.22.00)
    - RCTRequired (= 0.72.16)
    - RCTTypeSafety (= 0.72.16)
    - React-Core (= 0.72.16)
    - React-jsi (= 0.72.16)
    - ReactCommon/turbomodule/core (= 0.72.16)
  - fmt (9.1.0)
  - glog (0.3.5)
  - NetInfo-UITests (11.4.1):
    - React
  - RCT-Folly (2021.07.22.00):
    - boost
    - DoubleConversion
    - fmt (= 9.1.0)
    - glog
    - RCT-Folly/Default (= 2021.07.22.00)
  - RCT-Folly/Default (2021.07.22.00):
    - boost
    - DoubleConversion
    - fmt (= 9.1.0)
    - glog
  - RCTRequired (0.72.16)
  - RCTTypeSafety (0.72.16):
    - FBLazyVector (= 0.72.16)
    - RCTRequired (= 0.72.16)
    - React-Core (= 0.72.16)
  - React (0.72.16):
    - React-Core (= 0.72.16)
    - React-Core/DevSupport (= 0.72.16)
    - React-Core/RCTWebSocket (= 0.72.16)
    - React-RCTActionSheet (= 0.72.16)
    - React-RCTAnimation (= 0.72.16)
    - React-RCTBlob (= 0.72.16)
    - React-RCTImage (= 0.72.16)
    - React-RCTLinking (= 0.72.16)
    - React-RCTNetwork (= 0.72.16)
    - React-RCTSettings (= 0.72.16)
    - React-RCTText (= 0.72.16)
    - React-RCTVibration (= 0.72.16)
  - React-callinvoker (0.72.16)
  - React-Codegen (0.72.16):
    - DoubleConversion
    - FBReactNativeSpec
    - glog
    - RCT-Folly
    - RCTRequired
    - RCTTypeSafety
    - React-Core
    - React-jsc
    - React-jsi
    - React-jsiexecutor
    - React-NativeModulesApple
    - React-rncore
    - ReactCommon/turbomodule/bridging
    - ReactCommon/turbomodule/core
  - React-Core (0.72.16):
    - glog
    - RCT-Folly (= 2021.07.22.00)
    - React-Core/Default (= 0.72.16)
    - React-cxxreact
    - React-jsc
    - React-jsi
    - React-jsiexecutor
    - React-perflogger
    - React-runtimeexecutor
    - React-utils
    - SocketRocket (= 0.7.0)
    - Yoga
  - React-Core/CoreModulesHeaders (0.72.16):
    - glog
    - RCT-Folly (= 2021.07.22.00)
    - React-Core/Default
    - React-cxxreact
    - React-jsc
    - React-jsi
    - React-jsiexecutor
    - React-perflogger
    - React-runtimeexecutor
    - React-utils
    - SocketRocket (= 0.7.0)
    - Yoga
  - React-Core/Default (0.72.16):
    - glog
    - RCT-Folly (= 2021.07.22.00)
    - React-cxxreact
    - React-jsc
    - React-jsi
    - React-jsiexecutor
    - React-perflogger
    - React-runtimeexecutor
    - React-utils
    - SocketRocket (= 0.7.0)
    - Yoga
  - React-Core/DevSupport (0.72.16):
    - glog
    - RCT-Folly (= 2021.07.22.00)
    - React-Core/Default (= 0.72.16)
    - React-Core/RCTWebSocket (= 0.72.16)
    - React-cxxreact
    - React-jsc
    - React-jsi
    - React-jsiexecutor
    - React-jsinspector (= 0.72.16)
    - React-perflogger
    - React-runtimeexecutor
    - React-utils
    - SocketRocket (= 0.7.0)
    - Yoga
  - React-Core/RCTActionSheetHeaders (0.72.16):
    - glog
    - RCT-Folly (= 2021.07.22.00)
    - React-Core/Default
    - React-cxxreact
    - React-jsc
    - React-jsi
    - React-jsiexecutor
    - React-perflogger
    - React-runtimeexecutor
    - React-utils
    - SocketRocket (= 0.7.0)
    - Yoga
  - React-Core/RCTAnimationHeaders (0.72.16):
    - glog
    - RCT-Folly (= 2021.07.22.00)
    - React-Core/Default
    - React-cxxreact
    - React-jsc
    - React-jsi
    - React-jsiexecutor
    - React-perflogger
    - React-runtimeexecutor
    - React-utils
    - SocketRocket (= 0.7.0)
    - Yoga
  - React-Core/RCTBlobHeaders (0.72.16):
    - glog
    - RCT-Folly (= 2021.07.22.00)
    - React-Core/Default
    - React-cxxreact
    - React-jsc
    - React-jsi
    - React-jsiexecutor
    - React-perflogger
    - React-runtimeexecutor
    - React-utils
    - SocketRocket (= 0.7.0)
    - Yoga
  - React-Core/RCTImageHeaders (0.72.16):
    - glog
    - RCT-Folly (= 2021.07.22.00)
    - React-Core/Default
    - React-cxxreact
    - React-jsc
    - React-jsi
    - React-jsiexecutor
    - React-perflogger
    - React-runtimeexecutor
    - React-utils
    - SocketRocket (= 0.7.0)
    - Yoga
  - React-Core/RCTLinkingHeaders (0.72.16):
    - glog
    - RCT-Folly (= 2021.07.22.00)
    - React-Core/Default
    - React-cxxreact
    - React-jsc
    - React-jsi
    - React-jsiexecutor
    - React-perflogger
    - React-runtimeexecutor
    - React-utils
    - SocketRocket (= 0.7.0)
    - Yoga
  - React-Core/RCTNetworkHeaders (0.72.16):
    - glog
    - RCT-Folly (= 2021.07.22.00)
    - React-Core/Default
    - React-cxxreact
    - React-jsc
    - React-jsi
    - React-jsiexecutor
    - React-perflogger
    - React-runtimeexecutor
    - React-utils
    - SocketRocket (= 0.7.0)
    - Yoga
  - React-Core/RCTSettingsHeaders (0.72.16):
    - glog
    - RCT-Folly (= 2021.07.22.00)
    - React-Core/Default
    - React-cxxreact
    - React-jsc
    - React-jsi
    - React-jsiexecutor
    - React-perflogger
    - React-runtimeexecutor
    - React-utils
    - SocketRocket (= 0.7.0)
    - Yoga
  - React-Core/RCTTextHeaders (0.72.16):
    - glog
    - RCT-Folly (= 2021.07.22.00)
    - React-Core/Default
    - React-cxxreact
    - React-jsc
    - React-jsi
    - React-jsiexecutor
    - React-perflogger
    - React-runtimeexecutor
    - React-utils
    - SocketRocket (= 0.7.0)
    - Yoga
  - React-Core/RCTVibrationHeaders (0.72.16):
    - glog
    - RCT-Folly (= 2021.07.22.00)
    - React-Core/Default
    - React-cxxreact
    - React-jsc
    - React-jsi
    - React-jsiexecutor
    - React-perflogger
    - React-runtimeexecutor
    - React-utils
    - SocketRocket (= 0.7.0)
    - Yoga
  - React-Core/RCTWebSocket (0.72.16):
    - glog
    - RCT-Folly (= 2021.07.22.00)
    - React-Core/Default (= 0.72.16)
    - React-cxxreact
    - React-jsc
    - React-jsi
    - React-jsiexecutor
    - React-perflogger
    - React-runtimeexecutor
    - React-utils
    - SocketRocket (= 0.7.0)
    - Yoga
  - React-CoreModules (0.72.16):
    - RCT-Folly (= 2021.07.22.00)
    - RCTTypeSafety (= 0.72.16)
    - React-Codegen (= 0.72.16)
    - React-Core/CoreModulesHeaders (= 0.72.16)
    - React-jsi (= 0.72.16)
    - React-RCTBlob
    - React-RCTImage (= 0.72.16)
    - ReactCommon/turbomodule/core (= 0.72.16)
    - SocketRocket (= 0.7.0)
  - React-cxxreact (0.72.16):
    - boost (= 1.76.0)
    - DoubleConversion
    - fmt (= 9.1.0)
    - glog
    - RCT-Folly (= 2021.07.22.00)
    - React-callinvoker (= 0.72.16)
    - React-debug (= 0.72.16)
    - React-jsi (= 0.72.16)
    - React-jsinspector (= 0.72.16)
    - React-logger (= 0.72.16)
    - React-perflogger (= 0.72.16)
    - React-runtimeexecutor (= 0.72.16)
  - React-debug (0.72.16)
  - React-jsc (0.72.16):
    - React-jsc/Fabric (= 0.72.16)
    - React-jsi (= 0.72.16)
  - React-jsc/Fabric (0.72.16):
    - React-jsi (= 0.72.16)
  - React-jsi (0.72.16):
    - boost (= 1.76.0)
    - DoubleConversion
    - fmt (= 9.1.0)
    - glog
    - RCT-Folly (= 2021.07.22.00)
  - React-jsiexecutor (0.72.16):
    - DoubleConversion
    - fmt (= 9.1.0)
    - glog
    - RCT-Folly (= 2021.07.22.00)
    - React-cxxreact (= 0.72.16)
    - React-jsi (= 0.72.16)
    - React-perflogger (= 0.72.16)
  - React-jsinspector (0.72.16)
  - React-logger (0.72.16):
    - glog
  - react-native-netinfo (11.4.1):
    - React-Core
  - React-NativeModulesApple (0.72.16):
    - React-callinvoker
    - React-Core
    - React-cxxreact
    - React-jsi
    - React-runtimeexecutor
    - ReactCommon/turbomodule/bridging
    - ReactCommon/turbomodule/core
  - React-perflogger (0.72.16)
  - React-RCTActionSheet (0.72.16):
    - React-Core/RCTActionSheetHeaders (= 0.72.16)
  - React-RCTAnimation (0.72.16):
    - RCT-Folly (= 2021.07.22.00)
    - RCTTypeSafety (= 0.72.16)
    - React-Codegen (= 0.72.16)
    - React-Core/RCTAnimationHeaders (= 0.72.16)
    - React-jsi (= 0.72.16)
    - ReactCommon/turbomodule/core (= 0.72.16)
  - React-RCTAppDelegate (0.72.16):
    - RCT-Folly
    - RCTRequired
    - RCTTypeSafety
    - React-Core
    - React-CoreModules
    - React-jsc
    - React-NativeModulesApple
    - React-RCTImage
    - React-RCTNetwork
    - React-runtimescheduler
    - ReactCommon/turbomodule/core
  - React-RCTBlob (0.72.16):
    - RCT-Folly (= 2021.07.22.00)
    - React-Codegen (= 0.72.16)
    - React-Core/RCTBlobHeaders (= 0.72.16)
    - React-Core/RCTWebSocket (= 0.72.16)
    - React-jsi (= 0.72.16)
    - React-RCTNetwork (= 0.72.16)
    - ReactCommon/turbomodule/core (= 0.72.16)
  - React-RCTImage (0.72.16):
    - RCT-Folly (= 2021.07.22.00)
    - RCTTypeSafety (= 0.72.16)
    - React-Codegen (= 0.72.16)
    - React-Core/RCTImageHeaders (= 0.72.16)
    - React-jsi (= 0.72.16)
    - React-RCTNetwork (= 0.72.16)
    - ReactCommon/turbomodule/core (= 0.72.16)
  - React-RCTLinking (0.72.16):
    - React-Codegen (= 0.72.16)
    - React-Core/RCTLinkingHeaders (= 0.72.16)
    - React-jsi (= 0.72.16)
    - ReactCommon/turbomodule/core (= 0.72.16)
  - React-RCTNetwork (0.72.16):
    - RCT-Folly (= 2021.07.22.00)
    - RCTTypeSafety (= 0.72.16)
    - React-Codegen (= 0.72.16)
    - React-Core/RCTNetworkHeaders (= 0.72.16)
    - React-jsi (= 0.72.16)
    - ReactCommon/turbomodule/core (= 0.72.16)
  - React-RCTSettings (0.72.16):
    - RCT-Folly (= 2021.07.22.00)
    - RCTTypeSafety (= 0.72.16)
    - React-Codegen (= 0.72.16)
    - React-Core/RCTSettingsHeaders (= 0.72.16)
    - React-jsi (= 0.72.16)
    - ReactCommon/turbomodule/core (= 0.72.16)
  - React-RCTText (0.72.16):
    - React-Core/RCTTextHeaders (= 0.72.16)
  - React-RCTVibration (0.72.16):
    - RCT-Folly (= 2021.07.22.00)
    - React-Codegen (= 0.72.16)
    - React-Core/RCTVibrationHeaders (= 0.72.16)
    - React-jsi (= 0.72.16)
    - ReactCommon/turbomodule/core (= 0.72.16)
  - React-rncore (0.72.16)
  - React-runtimeexecutor (0.72.16):
    - React-jsi (= 0.72.16)
  - React-runtimescheduler (0.72.16):
    - glog
    - RCT-Folly (= 2021.07.22.00)
    - React-callinvoker
    - React-debug
    - React-jsi
    - React-runtimeexecutor
  - React-utils (0.72.16):
    - glog
    - RCT-Folly (= 2021.07.22.00)
    - React-debug
  - ReactCommon/turbomodule/bridging (0.72.16):
    - DoubleConversion
    - fmt (= 9.1.0)
    - glog
    - RCT-Folly (= 2021.07.22.00)
    - React-callinvoker (= 0.72.16)
    - React-cxxreact (= 0.72.16)
    - React-jsi (= 0.72.16)
    - React-logger (= 0.72.16)
    - React-perflogger (= 0.72.16)
  - ReactCommon/turbomodule/core (0.72.16):
    - DoubleConversion
    - fmt (= 9.1.0)
    - glog
    - RCT-Folly (= 2021.07.22.00)
    - React-callinvoker (= 0.72.16)
    - React-cxxreact (= 0.72.16)
    - React-jsi (= 0.72.16)
    - React-logger (= 0.72.16)
    - React-perflogger (= 0.72.16)
  - ReactNativeHost (0.2.9):
    - React-Core
    - React-cxxreact
    - ReactCommon/turbomodule/core
  - ReactTestApp-DevSupport (2.5.35):
    - React-Core
    - React-jsi
  - ReactTestApp-Resources (1.0.0-dev)
  - SocketRocket (0.7.0)
  - Yoga (1.14.0)

DEPENDENCIES:
  - boost (from `../../node_modules/react-native-macos/third-party-podspecs/boost.podspec`)
  - DoubleConversion (from `../../node_modules/react-native-macos/third-party-podspecs/DoubleConversion.podspec`)
  - FBLazyVector (from `../../node_modules/react-native-macos/Libraries/FBLazyVector`)
  - FBReactNativeSpec (from `../../node_modules/react-native-macos/React/FBReactNativeSpec`)
  - fmt (from `../../node_modules/react-native-macos/third-party-podspecs/fmt.podspec`)
  - glog (from `../../node_modules/react-native-macos/third-party-podspecs/glog.podspec`)
  - NetInfo-UITests (from `..`)
  - RCT-Folly (from `../../node_modules/react-native-macos/third-party-podspecs/RCT-Folly.podspec`)
  - RCTRequired (from `../../node_modules/react-native-macos/Libraries/RCTRequired`)
  - RCTTypeSafety (from `../../node_modules/react-native-macos/Libraries/TypeSafety`)
  - React (from `../../node_modules/react-native-macos/`)
  - React-callinvoker (from `../../node_modules/react-native-macos/ReactCommon/callinvoker`)
  - React-Codegen (from `build/generated/ios`)
  - React-Core (from `../../node_modules/react-native-macos/`)
  - React-Core/RCTWebSocket (from `../../node_modules/react-native-macos/`)
  - React-CoreModules (from `../../node_modules/react-native-macos/React/CoreModules`)
  - React-cxxreact (from `../../node_modules/react-native-macos/ReactCommon/cxxreact`)
  - React-debug (from `../../node_modules/react-native-macos/ReactCommon/react/debug`)
  - React-jsc (from `../../node_modules/react-native-macos/ReactCommon/jsc`)
  - React-jsi (from `../../node_modules/react-native-macos/ReactCommon/jsi`)
  - React-jsiexecutor (from `../../node_modules/react-native-macos/ReactCommon/jsiexecutor`)
  - React-jsinspector (from `../../node_modules/react-native-macos/ReactCommon/jsinspector`)
  - React-logger (from `../../node_modules/react-native-macos/ReactCommon/logger`)
  - react-native-netinfo (from `../..`)
  - React-NativeModulesApple (from `../../node_modules/react-native-macos/ReactCommon/react/nativemodule/core/platform/ios`)
  - React-perflogger (from `../../node_modules/react-native-macos/ReactCommon/reactperflogger`)
  - React-RCTActionSheet (from `../../node_modules/react-native-macos/Libraries/ActionSheetIOS`)
  - React-RCTAnimation (from `../../node_modules/react-native-macos/Libraries/NativeAnimation`)
  - React-RCTAppDelegate (from `../../node_modules/react-native-macos/Libraries/AppDelegate`)
  - React-RCTBlob (from `../../node_modules/react-native-macos/Libraries/Blob`)
  - React-RCTImage (from `../../node_modules/react-native-macos/Libraries/Image`)
  - React-RCTLinking (from `../../node_modules/react-native-macos/Libraries/LinkingIOS`)
  - React-RCTNetwork (from `../../node_modules/react-native-macos/Libraries/Network`)
  - React-RCTSettings (from `../../node_modules/react-native-macos/Libraries/Settings`)
  - React-RCTText (from `../../node_modules/react-native-macos/Libraries/Text`)
  - React-RCTVibration (from `../../node_modules/react-native-macos/Libraries/Vibration`)
  - React-rncore (from `../../node_modules/react-native-macos/ReactCommon`)
  - React-runtimeexecutor (from `../../node_modules/react-native-macos/ReactCommon/runtimeexecutor`)
  - React-runtimescheduler (from `../../node_modules/react-native-macos/ReactCommon/react/renderer/runtimescheduler`)
  - React-utils (from `../../node_modules/react-native-macos/ReactCommon/react/utils`)
  - ReactCommon/turbomodule/core (from `../../node_modules/react-native-macos/ReactCommon`)
  - "ReactNativeHost (from `../../node_modules/@rnx-kit/react-native-host`)"
  - ReactTestApp-DevSupport (from `../../node_modules/react-native-test-app`)
  - ReactTestApp-Resources (from `..`)
  - SocketRocket (from `../../node_modules/react-native-macos/third-party-podspecs/SocketRocket.podspec`)
  - Yoga (from `../../node_modules/react-native-macos/ReactCommon/yoga`)

EXTERNAL SOURCES:
  boost:
    :podspec: "../../node_modules/react-native-macos/third-party-podspecs/boost.podspec"
  DoubleConversion:
    :podspec: "../../node_modules/react-native-macos/third-party-podspecs/DoubleConversion.podspec"
  FBLazyVector:
    :path: "../../node_modules/react-native-macos/Libraries/FBLazyVector"
  FBReactNativeSpec:
    :path: "../../node_modules/react-native-macos/React/FBReactNativeSpec"
  fmt:
    :podspec: "../../node_modules/react-native-macos/third-party-podspecs/fmt.podspec"
  glog:
    :podspec: "../../node_modules/react-native-macos/third-party-podspecs/glog.podspec"
  NetInfo-UITests:
    :path: ".."
  RCT-Folly:
    :podspec: "../../node_modules/react-native-macos/third-party-podspecs/RCT-Folly.podspec"
  RCTRequired:
    :path: "../../node_modules/react-native-macos/Libraries/RCTRequired"
  RCTTypeSafety:
    :path: "../../node_modules/react-native-macos/Libraries/TypeSafety"
  React:
    :path: "../../node_modules/react-native-macos/"
  React-callinvoker:
    :path: "../../node_modules/react-native-macos/ReactCommon/callinvoker"
  React-Codegen:
    :path: build/generated/ios
  React-Core:
    :path: "../../node_modules/react-native-macos/"
  React-CoreModules:
    :path: "../../node_modules/react-native-macos/React/CoreModules"
  React-cxxreact:
    :path: "../../node_modules/react-native-macos/ReactCommon/cxxreact"
  React-debug:
    :path: "../../node_modules/react-native-macos/ReactCommon/react/debug"
  React-jsc:
    :path: "../../node_modules/react-native-macos/ReactCommon/jsc"
  React-jsi:
    :path: "../../node_modules/react-native-macos/ReactCommon/jsi"
  React-jsiexecutor:
    :path: "../../node_modules/react-native-macos/ReactCommon/jsiexecutor"
  React-jsinspector:
    :path: "../../node_modules/react-native-macos/ReactCommon/jsinspector"
  React-logger:
    :path: "../../node_modules/react-native-macos/ReactCommon/logger"
  react-native-netinfo:
    :path: "../.."
  React-NativeModulesApple:
    :path: "../../node_modules/react-native-macos/ReactCommon/react/nativemodule/core/platform/ios"
  React-perflogger:
    :path: "../../node_modules/react-native-macos/ReactCommon/reactperflogger"
  React-RCTActionSheet:
    :path: "../../node_modules/react-native-macos/Libraries/ActionSheetIOS"
  React-RCTAnimation:
    :path: "../../node_modules/react-native-macos/Libraries/NativeAnimation"
  React-RCTAppDelegate:
    :path: "../../node_modules/react-native-macos/Libraries/AppDelegate"
  React-RCTBlob:
    :path: "../../node_modules/react-native-macos/Libraries/Blob"
  React-RCTImage:
    :path: "../../node_modules/react-native-macos/Libraries/Image"
  React-RCTLinking:
    :path: "../../node_modules/react-native-macos/Libraries/LinkingIOS"
  React-RCTNetwork:
    :path: "../../node_modules/react-native-macos/Libraries/Network"
  React-RCTSettings:
    :path: "../../node_modules/react-native-macos/Libraries/Settings"
  React-RCTText:
    :path: "../../node_modules/react-native-macos/Libraries/Text"
  React-RCTVibration:
    :path: "../../node_modules/react-native-macos/Libraries/Vibration"
  React-rncore:
    :path: "../../node_modules/react-native-macos/ReactCommon"
  React-runtimeexecutor:
    :path: "../../node_modules/react-native-macos/ReactCommon/runtimeexecutor"
  React-runtimescheduler:
    :path: "../../node_modules/react-native-macos/ReactCommon/react/renderer/runtimescheduler"
  React-utils:
    :path: "../../node_modules/react-native-macos/ReactCommon/react/utils"
  ReactCommon:
    :path: "../../node_modules/react-native-macos/ReactCommon"
  ReactNativeHost:
    :path: "../../node_modules/@rnx-kit/react-native-host"
  ReactTestApp-DevSupport:
    :path: "../../node_modules/react-native-test-app"
  ReactTestApp-Resources:
    :path: ".."
  SocketRocket:
    :podspec: "../../node_modules/react-native-macos/third-party-podspecs/SocketRocket.podspec"
  Yoga:
    :path: "../../node_modules/react-native-macos/ReactCommon/yoga"

SPEC CHECKSUMS:
  boost: dd6670278a62b2597c8aa78da360a2b25563e3f8
  DoubleConversion: b27dc0920d7399c3d0135ef9089b1dc4d0403a2a
  FBLazyVector: 0cd42e5bb7b5cae439f73b4d9afab07496855a0a
  FBReactNativeSpec: d3515908df7d40165a0848ddcca4584784095386
  fmt: c62421983dfc7fa3d78183aad21a532cb344a337
  glog: 48990dc5c7733bd923abbd8f3acf1f4e0df9e1c8
  NetInfo-UITests: bac1a5652447d25b0e6c2e6eefc8a0aae1b53977
  RCT-Folly: 255c285edb714353750b6f12bf29658ddd90685c
  RCTRequired: 9baec1660d537e9dec4a517733ae73dc1bb71db7
  RCTTypeSafety: 5bd69c066a49364d1d8d1f578f2d17960aa999de
  React: 1e2c1f905037dce996adf646c6b987030a0b1ca8
  React-callinvoker: 4b9ef55d78536688ecc266d6e91ebc68f736f1bf
  React-Codegen: f4fda688eaf755f8d6fe70491149b18405c1df86
  React-Core: 1450d975ab4ccc620c73b8edd00f0d8c88a1b7c6
  React-CoreModules: 7ea3908c29707ad782b9fee86b0f88d0f5100a6b
  React-cxxreact: 6378c6cc20b08f7449212cdd343f6f47815889fd
  React-debug: 5df66e111e9a2a424eaa84f2e9b64bc1356488d8
  React-jsc: 75c632971eaecf58de5c51c1d4a3da4a672577ed
  React-jsi: e39cf47256f1476ba75c2c891430b7a139757a9d
  React-jsiexecutor: cac434baa18bda57dbefe3d8a23240e954da61b9
  React-jsinspector: 15b0d0902c78716ad4da84ab990c20b171a6dc18
  React-logger: a1f1a41b1ddd1d0b0b9aa608f92327f396e595f2
  react-native-netinfo: dda9841b3f2cb1debbdd06d1346629286c7597a5
  React-NativeModulesApple: ad0a6a409a581daceef46303e9c160e58fd18d39
  React-perflogger: 4b9de1b6e6495f1187e8a881f0eb0c18bfbf7e9c
  React-RCTActionSheet: 6978086cea07d4d929719e52c907ffeaf2357bdb
  React-RCTAnimation: 859fd8a6b099b4702489f1ac314cad528302c276
  React-RCTAppDelegate: 8db4f321e8f3d751feceb18ed0314aed97140a16
  React-RCTBlob: 5e7977f0d272c18546aafad9fd0b57201edbb081
  React-RCTImage: 570d3911efaf9cdc4ca57ffe05905415d1cf5ced
  React-RCTLinking: dc4b903d277549099728f75d69c829da6fecb886
  React-RCTNetwork: 137b13c29f8be9ee8dc52b74ef334eaeecfa1e4f
  React-RCTSettings: 5cc70c042adaf927722e2c44efa1ea5b30e0ee4d
  React-RCTText: 1c4bd42556d9bb448405969d8d42a0622ef23142
  React-RCTVibration: b7c2f94a642fe3e9d598ff680b1a355d1e65ddb9
  React-rncore: fc7ce6d5308e56cd738f4c3bb8494163f47b1ec2
  React-runtimeexecutor: 129e2a66a3d0856af67d50967c86063ebacc0f8e
  React-runtimescheduler: 51c3cb74c5e290baa57570510e7aa7ecf8c13d56
  React-utils: 89c86abb55b25fb8d6ea5a0120986dfe37f33400
  ReactCommon: 95c953f377e3ee0ece4db0e67e8c1b8a24c9299d
  ReactNativeHost: 646b07c55a8f93b6852386ca711bf80c4c3cc6ae
  ReactTestApp-DevSupport: 66527776ca53300955f5d9170045e1498563148e
  ReactTestApp-Resources: 8539dac0f8d2ef3821827a537e37812104c6ff78
  SocketRocket: ffef1e643b17817e1ab75f76928e68f8e6d6a3ce
  Yoga: d584907552abfe5594163e2e1c6aaa56068bfb99

PODFILE CHECKSUM: 598484990d1b18dd7d67e908f4b0e462fdd8c3ea

COCOAPODS: 1.16.2
